
Microsoft Visual Studio Solution File, Format Version 12.00
# Visual Studio Version 17
VisualStudioVersion = 17.7.34031.279
MinimumVisualStudioVersion = 10.0.40219.1
Project("{9A19103F-16F7-4668-BE54-9A1E7A4F7556}") = "ActorRest2", "ActorRest2\ActorRest2.csproj", "{C3909429-0A4D-4CBC-804F-79E53AB184A6}"
EndProject
Project("{FAE04EC0-301F-11D3-BF4B-00C04F79EFBC}") = "ConsoleApp1", "ConsoleApp1\ConsoleApp1.csproj", "{AA334682-4491-429F-BA6C-6E92A7E8800C}"
EndProject
Global
	GlobalSection(SolutionConfigurationPlatforms) = preSolution
		Debug|Any CPU = Debug|Any CPU
		Release|Any CPU = Release|Any CPU
	EndGlobalSection
	GlobalSection(ProjectConfigurationPlatforms) = postSolution
		{C3909429-0A4D-4CBC-804F-79E53AB184A6}.Debug|Any CPU.ActiveCfg = Debug|Any CPU
		{C3909429-0A4D-4CBC-804F-79E53AB184A6}.Debug|Any CPU.Build.0 = Debug|Any CPU
		{C3909429-0A4D-4CBC-804F-79E53AB184A6}.Release|Any CPU.ActiveCfg = Release|Any CPU
		{C3909429-0A4D-4CBC-804F-79E53AB184A6}.Release|Any CPU.Build.0 = Release|Any CPU
		{AA334682-4491-429F-BA6C-6E92A7E8800C}.Debug|Any CPU.ActiveCfg = Debug|Any CPU
		{AA334682-4491-429F-BA6C-6E92A7E8800C}.Debug|Any CPU.Build.0 = Debug|Any CPU
		{AA334682-4491-429F-BA6C-6E92A7E8800C}.Release|Any CPU.ActiveCfg = Release|Any CPU
		{AA334682-4491-429F-BA6C-6E92A7E8800C}.Release|Any CPU.Build.0 = Release|Any CPU
	EndGlobalSection
	GlobalSection(SolutionProperties) = preSolution
		HideSolutionNode = FALSE
	EndGlobalSection
	GlobalSection(ExtensibilityGlobals) = postSolution
		SolutionGuid = {4E731759-4B02-43F0-970A-D0AAC1582632}
	EndGlobalSection
EndGlobal
